<?xml version="1.0" encoding="utf-8"?>
<Project ToolsVersion="4.0" xmlns="http://schemas.microsoft.com/developer/msbuild/2003">
  <ItemGroup>
    <Filter Include="Pliki źródłowe">
      <UniqueIdentifier>{4FC737F1-C7A5-4376-A066-2A32D752A2FF}</UniqueIdentifier>
      <Extensions>cpp;c;cc;cxx;def;odl;idl;hpj;bat;asm;asmx</Extensions>
    </Filter>
    <Filter Include="Pliki nagłówkowe">
      <UniqueIdentifier>{93995380-89BD-4b04-88EB-625FBE52EBFB}</UniqueIdentifier>
      <Extensions>h;hh;hpp;hxx;hm;inl;inc;ipp;xsd</Extensions>
    </Filter>
    <Filter Include="Pliki zasobów">
      <UniqueIdentifier>{67DA6AB6-F800-4c08-8B7A-83BB121AAD01}</UniqueIdentifier>
      <Extensions>rc;ico;cur;bmp;dlg;rc2;rct;bin;rgs;gif;jpg;jpeg;jpe;resx;tiff;tif;png;wav;mfcribbon-ms</Extensions>
    </Filter>
  </ItemGroup>
  <ItemGroup>
    <ClCompile Include="alien.cpp">
      <Filter>Pliki źródłowe</Filter>
    </ClCompile>
    <ClCompile Include="alien_shot.cpp">
      <Filter>Pliki źródłowe</Filter>
    </ClCompile>
    <ClCompile Include="animated_entity.cpp">
      <Filter>Pliki źródłowe</Filter>
    </ClCompile>
    <ClCompile Include="avatar.cpp">
      <Filter>Pliki źródłowe</Filter>
    </ClCompile>
    <ClCompile Include="avatar_laser.cpp">
      <Filter>Pliki źródłowe</Filter>
    </ClCompile>
    <ClCompile Include="collideable_entity.cpp">
      <Filter>Pliki źródłowe</Filter>
    </ClCompile>
    <ClCompile Include="drawable_entity.cpp">
      <Filter>Pliki źródłowe</Filter>
    </ClCompile>
    <ClCompile Include="flying_saucer.cpp">
      <Filter>Pliki źródłowe</Filter>
    </ClCompile>
    <ClCompile Include="game.cpp">
      <Filter>Pliki źródłowe</Filter>
    </ClCompile>
    <ClCompile Include="image.cpp">
      <Filter>Pliki źródłowe</Filter>
    </ClCompile>
    <ClCompile Include="ingame_state.cpp">
      <Filter>Pliki źródłowe</Filter>
    </ClCompile>
    <ClCompile Include="main.cpp">
      <Filter>Pliki źródłowe</Filter>
    </ClCompile>
    <ClCompile Include="movable_entity.cpp">
      <Filter>Pliki źródłowe</Filter>
    </ClCompile>
    <ClCompile Include="play_player_state.cpp">
      <Filter>Pliki źródłowe</Filter>
    </ClCompile>
    <ClCompile Include="player_context.cpp">
      <Filter>Pliki źródłowe</Filter>
    </ClCompile>
    <ClCompile Include="plunger_shot.cpp">
      <Filter>Pliki źródłowe</Filter>
    </ClCompile>
    <ClCompile Include="rolling_shot.cpp">
      <Filter>Pliki źródłowe</Filter>
    </ClCompile>
    <ClCompile Include="scene.cpp">
      <Filter>Pliki źródłowe</Filter>
    </ClCompile>
    <ClCompile Include="shield.cpp">
      <Filter>Pliki źródłowe</Filter>
    </ClCompile>
    <ClCompile Include="squiggly_shot.cpp">
      <Filter>Pliki źródłowe</Filter>
    </ClCompile>
    <ClCompile Include="state.cpp">
      <Filter>Pliki źródłowe</Filter>
    </ClCompile>
    <ClCompile Include="text_entity.cpp">
      <Filter>Pliki źródłowe</Filter>
    </ClCompile>
    <ClCompile Include="welcome_state.cpp">
      <Filter>Pliki źródłowe</Filter>
    </ClCompile>
  </ItemGroup>
  <ItemGroup>
    <ClInclude Include="alien.h">
      <Filter>Pliki źródłowe</Filter>
    </ClInclude>
    <ClInclude Include="alien_shot.h">
      <Filter>Pliki źródłowe</Filter>
    </ClInclude>
    <ClInclude Include="animated_entity.h">
      <Filter>Pliki źródłowe</Filter>
    </ClInclude>
    <ClInclude Include="avatar.h">
      <Filter>Pliki źródłowe</Filter>
    </ClInclude>
    <ClInclude Include="avatar_laser.h">
      <Filter>Pliki źródłowe</Filter>
    </ClInclude>
    <ClInclude Include="collideable_entity.h">
      <Filter>Pliki źródłowe</Filter>
    </ClInclude>
    <ClInclude Include="drawable_entity.h">
      <Filter>Pliki źródłowe</Filter>
    </ClInclude>
    <ClInclude Include="entity.h">
      <Filter>Pliki źródłowe</Filter>
    </ClInclude>
    <ClInclude Include="flying_saucer.h">
      <Filter>Pliki źródłowe</Filter>
    </ClInclude>
    <ClInclude Include="game.h">
      <Filter>Pliki źródłowe</Filter>
    </ClInclude>
    <ClInclude Include="image.h">
      <Filter>Pliki źródłowe</Filter>
    </ClInclude>
    <ClInclude Include="ingame_state.h">
      <Filter>Pliki źródłowe</Filter>
    </ClInclude>
    <ClInclude Include="movable_entity.h">
      <Filter>Pliki źródłowe</Filter>
    </ClInclude>
    <ClInclude Include="play_player_state.h">
      <Filter>Pliki źródłowe</Filter>
    </ClInclude>
    <ClInclude Include="player_context.h">
      <Filter>Pliki źródłowe</Filter>
    </ClInclude>
    <ClInclude Include="plunger_shot.h">
      <Filter>Pliki źródłowe</Filter>
    </ClInclude>
    <ClInclude Include="rolling_shot.h">
      <Filter>Pliki źródłowe</Filter>
    </ClInclude>
    <ClInclude Include="scene.h">
      <Filter>Pliki źródłowe</Filter>
    </ClInclude>
    <ClInclude Include="shield.h">
      <Filter>Pliki źródłowe</Filter>
    </ClInclude>
    <ClInclude Include="squiggly_shot.h">
      <Filter>Pliki źródłowe</Filter>
    </ClInclude>
    <ClInclude Include="state.h">
      <Filter>Pliki źródłowe</Filter>
    </ClInclude>
    <ClInclude Include="text_entity.h">
      <Filter>Pliki źródłowe</Filter>
    </ClInclude>
    <ClInclude Include="welcome_state.h">
      <Filter>Pliki źródłowe</Filter>
    </ClInclude>
  </ItemGroup>
</Project>